
Microsoft Visual Studio Solution File, Format Version 10.00
# Visual Studio 2008
Project("{FAE04EC0-301F-11D3-BF4B-00C04F79EFBC}") = "CanConNet", "CanConNet\CanConNet.csproj", "{7E21CF93-BD48-432C-9BDC-9EE6786076EF}"
EndProject
Project("{FAE04EC0-301F-11D3-BF4B-00C04F79EFBC}") = "LinConNet", "LinConNet\LinConNet.csproj", "{692707AA-1C6B-461F-8D07-08A11ED4D54A}"
EndProject
Global
	GlobalSection(SolutionConfigurationPlatforms) = preSolution
		Debug|Any CPU = Debug|Any CPU
		Release|Any CPU = Release|Any CPU
	EndGlobalSection
	GlobalSection(ProjectConfigurationPlatforms) = postSolution
		{7E21CF93-BD48-432C-9BDC-9EE6786076EF}.Debug|Any CPU.ActiveCfg = Debug|Any CPU
		{7E21CF93-BD48-432C-9BDC-9EE6786076EF}.Debug|Any CPU.Build.0 = Debug|Any CPU
		{7E21CF93-BD48-432C-9BDC-9EE6786076EF}.Release|Any CPU.ActiveCfg = Release|Any CPU
		{7E21CF93-BD48-432C-9BDC-9EE6786076EF}.Release|Any CPU.Build.0 = Release|Any CPU
		{692707AA-1C6B-461F-8D07-08A11ED4D54A}.Debug|Any CPU.ActiveCfg = Debug|Any CPU
		{692707AA-1C6B-461F-8D07-08A11ED4D54A}.Debug|Any CPU.Build.0 = Debug|Any CPU
		{692707AA-1C6B-461F-8D07-08A11ED4D54A}.Release|Any CPU.ActiveCfg = Release|Any CPU
		{692707AA-1C6B-461F-8D07-08A11ED4D54A}.Release|Any CPU.Build.0 = Release|Any CPU
	EndGlobalSection
	GlobalSection(SolutionProperties) = preSolution
		HideSolutionNode = FALSE
	EndGlobalSection
EndGlobal
