
Microsoft Visual Studio Solution File, Format Version 12.00
# Visual Studio Version 18
VisualStudioVersion = 18.9.12120.119
MinimumVisualStudioVersion = 10.0.40219.1
Project("{9A19103F-16F7-4668-BE54-9A1E7A4F7556}") = "CanConNet", "net60\CanConNet\CanConNet.csproj", "{BBEF52A7-6845-4C59-8089-09728B3BD51A}"
EndProject
Project("{9A19103F-16F7-4668-BE54-9A1E7A4F7556}") = "CanFdConNet", "net60\CanFdConNet\CanFdConNet.csproj", "{4D5AD92B-8FCF-48E4-BB3D-A74277955F52}"
EndProject
Project("{9A19103F-16F7-4668-BE54-9A1E7A4F7556}") = "LinConNet", "net60\LinConNet\LinConNet.csproj", "{39DB9D0C-0E92-4E0D-8B01-DEC2C06A4196}"
EndProject
Project("{9A19103F-16F7-4668-BE54-9A1E7A4F7556}") = "CanConNet4", "net40\CanConNet\CanConNet4.csproj", "{389FB2A5-7A6F-468A-9108-82006354AC89}"
EndProject
Project("{9A19103F-16F7-4668-BE54-9A1E7A4F7556}") = "CanConNet5", "net50\CanConNet\CanConNet5.csproj", "{ED4CCEB8-FD07-4527-A489-603402ADD534}"
EndProject
Project("{9A19103F-16F7-4668-BE54-9A1E7A4F7556}") = "CanFdConNet5", "net50\CanFdConNet\CanFdConNet5.csproj", "{0559AD5F-DD06-4A94-9F01-21646894D56A}"
EndProject
Project("{9A19103F-16F7-4668-BE54-9A1E7A4F7556}") = "LinConNet5", "net50\LinConNet\LinConNet5.csproj", "{B91EBC2D-7E98-4EB2-8E3C-0C77FF0FCBFF}"
EndProject
Project("{2150E333-8FDC-42A3-9474-1A3956D46DE8}") = "net40", "net40", "{3E8BB9D0-37D5-42D2-BDBC-FE724F7276F5}"
EndProject
Project("{2150E333-8FDC-42A3-9474-1A3956D46DE8}") = "net50", "net50", "{F29E4102-3C13-405F-9180-AC0E790AE8ED}"
EndProject
Project("{2150E333-8FDC-42A3-9474-1A3956D46DE8}") = "net60", "net60", "{37C7120B-0BBD-43FB-9745-8BAD908F087F}"
EndProject
Project("{9A19103F-16F7-4668-BE54-9A1E7A4F7556}") = "DeviceEnumerator", "net40\DeviceEnumerator\DeviceEnumerator.csproj", "{05D63DDB-41CE-4287-A1B2-572D98D6E76D}"
EndProject
Project("{F184B08F-C81C-45F6-A57F-5ABD9991F28F}") = "VbCanConNet4", "net40\VbCanConNet4\VbCanConNet4.vbproj", "{67DAB1B4-8EB9-4129-AB4F-49E79E80B43B}"
EndProject
Project("{F184B08F-C81C-45F6-A57F-5ABD9991F28F}") = "VbCanFdConNet", "net60\VbCanFdConNet\VbCanFdConNet.vbproj", "{E7824C42-3029-4DD4-B5AC-DB703360AA06}"
EndProject
Project("{2150E333-8FDC-42A3-9474-1A3956D46DE8}") = "net9.0", "net9.0", "{041134A7-0DC4-4F78-82C4-52359D02FA78}"
EndProject
Project("{FAE04EC0-301F-11D3-BF4B-00C04F79EFBC}") = "CanConNet", "net9.0\CanConNet\CanConNet.csproj", "{1B6ED895-B96F-A4F3-C9A1-F6C02002810A}"
EndProject
Project("{FAE04EC0-301F-11D3-BF4B-00C04F79EFBC}") = "CanFdConNet", "net9.0\CanFdConNet\CanFdConNet.csproj", "{DA0F7569-4752-FAA2-EED4-F5560EA8827C}"
EndProject
Project("{FAE04EC0-301F-11D3-BF4B-00C04F79EFBC}") = "LinConNet", "net9.0\LinConNet\LinConNet.csproj", "{EE98355D-7BC7-7495-6038-672DAAC9882C}"
EndProject
Project("{F184B08F-C81C-45F6-A57F-5ABD9991F28F}") = "VbCanFdConNet", "net9.0\VbCanFdConNet\VbCanFdConNet.vbproj", "{59A6137D-1967-71B3-7A5A-1DAADFB3E17D}"
EndProject
Project("{2150E333-8FDC-42A3-9474-1A3956D46DE8}") = "net10.0", "net10.0", "{49BBE8A2-3759-4594-93BA-DC784A3393FD}"
EndProject
Project("{FAE04EC0-301F-11D3-BF4B-00C04F79EFBC}") = "CanConNet", "net10.0\CanConNet\CanConNet.csproj", "{03C0FE41-D5E8-9146-25B3-C08289DFE2D5}"
EndProject
Project("{FAE04EC0-301F-11D3-BF4B-00C04F79EFBC}") = "CanFdConNet", "net10.0\CanFdConNet\CanFdConNet.csproj", "{293D97F7-66A2-F838-3221-2192FFF557E5}"
EndProject
Project("{FAE04EC0-301F-11D3-BF4B-00C04F79EFBC}") = "LinConNet", "net10.0\LinConNet\LinConNet.csproj", "{AC0205DF-AD80-5501-A569-1C2AB0A79E95}"
EndProject
Project("{F184B08F-C81C-45F6-A57F-5ABD9991F28F}") = "VbCanFdConNet", "net10.0\VbCanFdConNet\VbCanFdConNet.vbproj", "{F7254D31-A6A2-CAE7-E5D7-F050D94ACC91}"
EndProject
Global
	GlobalSection(SolutionConfigurationPlatforms) = preSolution
		Debug|Any CPU = Debug|Any CPU
		Debug|x64 = Debug|x64
		Debug|x86 = Debug|x86
		Release|Any CPU = Release|Any CPU
		Release|x64 = Release|x64
		Release|x86 = Release|x86
	EndGlobalSection
	GlobalSection(ProjectConfigurationPlatforms) = postSolution
		{BBEF52A7-6845-4C59-8089-09728B3BD51A}.Debug|Any CPU.ActiveCfg = Debug|Any CPU
		{BBEF52A7-6845-4C59-8089-09728B3BD51A}.Debug|Any CPU.Build.0 = Debug|Any CPU
		{BBEF52A7-6845-4C59-8089-09728B3BD51A}.Debug|x64.ActiveCfg = Debug|Any CPU
		{BBEF52A7-6845-4C59-8089-09728B3BD51A}.Debug|x64.Build.0 = Debug|Any CPU
		{BBEF52A7-6845-4C59-8089-09728B3BD51A}.Debug|x86.ActiveCfg = Debug|Any CPU
		{BBEF52A7-6845-4C59-8089-09728B3BD51A}.Debug|x86.Build.0 = Debug|Any CPU
		{BBEF52A7-6845-4C59-8089-09728B3BD51A}.Release|Any CPU.ActiveCfg = Release|Any CPU
		{BBEF52A7-6845-4C59-8089-09728B3BD51A}.Release|Any CPU.Build.0 = Release|Any CPU
		{BBEF52A7-6845-4C59-8089-09728B3BD51A}.Release|x64.ActiveCfg = Release|Any CPU
		{BBEF52A7-6845-4C59-8089-09728B3BD51A}.Release|x64.Build.0 = Release|Any CPU
		{BBEF52A7-6845-4C59-8089-09728B3BD51A}.Release|x86.ActiveCfg = Release|Any CPU
		{BBEF52A7-6845-4C59-8089-09728B3BD51A}.Release|x86.Build.0 = Release|Any CPU
		{4D5AD92B-8FCF-48E4-BB3D-A74277955F52}.Debug|Any CPU.ActiveCfg = Debug|Any CPU
		{4D5AD92B-8FCF-48E4-BB3D-A74277955F52}.Debug|Any CPU.Build.0 = Debug|Any CPU
		{4D5AD92B-8FCF-48E4-BB3D-A74277955F52}.Debug|x64.ActiveCfg = Debug|Any CPU
		{4D5AD92B-8FCF-48E4-BB3D-A74277955F52}.Debug|x64.Build.0 = Debug|Any CPU
		{4D5AD92B-8FCF-48E4-BB3D-A74277955F52}.Debug|x86.ActiveCfg = Debug|Any CPU
		{4D5AD92B-8FCF-48E4-BB3D-A74277955F52}.Debug|x86.Build.0 = Debug|Any CPU
		{4D5AD92B-8FCF-48E4-BB3D-A74277955F52}.Release|Any CPU.ActiveCfg = Release|Any CPU
		{4D5AD92B-8FCF-48E4-BB3D-A74277955F52}.Release|Any CPU.Build.0 = Release|Any CPU
		{4D5AD92B-8FCF-48E4-BB3D-A74277955F52}.Release|x64.ActiveCfg = Release|Any CPU
		{4D5AD92B-8FCF-48E4-BB3D-A74277955F52}.Release|x64.Build.0 = Release|Any CPU
		{4D5AD92B-8FCF-48E4-BB3D-A74277955F52}.Release|x86.ActiveCfg = Release|Any CPU
		{4D5AD92B-8FCF-48E4-BB3D-A74277955F52}.Release|x86.Build.0 = Release|Any CPU
		{39DB9D0C-0E92-4E0D-8B01-DEC2C06A4196}.Debug|Any CPU.ActiveCfg = Debug|Any CPU
		{39DB9D0C-0E92-4E0D-8B01-DEC2C06A4196}.Debug|Any CPU.Build.0 = Debug|Any CPU
		{39DB9D0C-0E92-4E0D-8B01-DEC2C06A4196}.Debug|x64.ActiveCfg = Debug|Any CPU
		{39DB9D0C-0E92-4E0D-8B01-DEC2C06A4196}.Debug|x64.Build.0 = Debug|Any CPU
		{39DB9D0C-0E92-4E0D-8B01-DEC2C06A4196}.Debug|x86.ActiveCfg = Debug|Any CPU
		{39DB9D0C-0E92-4E0D-8B01-DEC2C06A4196}.Debug|x86.Build.0 = Debug|Any CPU
		{39DB9D0C-0E92-4E0D-8B01-DEC2C06A4196}.Release|Any CPU.ActiveCfg = Release|Any CPU
		{39DB9D0C-0E92-4E0D-8B01-DEC2C06A4196}.Release|Any CPU.Build.0 = Release|Any CPU
		{39DB9D0C-0E92-4E0D-8B01-DEC2C06A4196}.Release|x64.ActiveCfg = Release|Any CPU
		{39DB9D0C-0E92-4E0D-8B01-DEC2C06A4196}.Release|x64.Build.0 = Release|Any CPU
		{39DB9D0C-0E92-4E0D-8B01-DEC2C06A4196}.Release|x86.ActiveCfg = Release|Any CPU
		{39DB9D0C-0E92-4E0D-8B01-DEC2C06A4196}.Release|x86.Build.0 = Release|Any CPU
		{389FB2A5-7A6F-468A-9108-82006354AC89}.Debug|Any CPU.ActiveCfg = Debug|Any CPU
		{389FB2A5-7A6F-468A-9108-82006354AC89}.Debug|Any CPU.Build.0 = Debug|Any CPU
		{389FB2A5-7A6F-468A-9108-82006354AC89}.Debug|x64.ActiveCfg = Debug|Any CPU
		{389FB2A5-7A6F-468A-9108-82006354AC89}.Debug|x64.Build.0 = Debug|Any CPU
		{389FB2A5-7A6F-468A-9108-82006354AC89}.Debug|x86.ActiveCfg = Debug|Any CPU
		{389FB2A5-7A6F-468A-9108-82006354AC89}.Debug|x86.Build.0 = Debug|Any CPU
		{389FB2A5-7A6F-468A-9108-82006354AC89}.Release|Any CPU.ActiveCfg = Release|Any CPU
		{389FB2A5-7A6F-468A-9108-82006354AC89}.Release|Any CPU.Build.0 = Release|Any CPU
		{389FB2A5-7A6F-468A-9108-82006354AC89}.Release|x64.ActiveCfg = Release|Any CPU
		{389FB2A5-7A6F-468A-9108-82006354AC89}.Release|x64.Build.0 = Release|Any CPU
		{389FB2A5-7A6F-468A-9108-82006354AC89}.Release|x86.ActiveCfg = Release|Any CPU
		{389FB2A5-7A6F-468A-9108-82006354AC89}.Release|x86.Build.0 = Release|Any CPU
		{ED4CCEB8-FD07-4527-A489-603402ADD534}.Debug|Any CPU.ActiveCfg = Debug|Any CPU
		{ED4CCEB8-FD07-4527-A489-603402ADD534}.Debug|Any CPU.Build.0 = Debug|Any CPU
		{ED4CCEB8-FD07-4527-A489-603402ADD534}.Debug|x64.ActiveCfg = Debug|Any CPU
		{ED4CCEB8-FD07-4527-A489-603402ADD534}.Debug|x64.Build.0 = Debug|Any CPU
		{ED4CCEB8-FD07-4527-A489-603402ADD534}.Debug|x86.ActiveCfg = Debug|Any CPU
		{ED4CCEB8-FD07-4527-A489-603402ADD534}.Debug|x86.Build.0 = Debug|Any CPU
		{ED4CCEB8-FD07-4527-A489-603402ADD534}.Release|Any CPU.ActiveCfg = Release|Any CPU
		{ED4CCEB8-FD07-4527-A489-603402ADD534}.Release|Any CPU.Build.0 = Release|Any CPU
		{ED4CCEB8-FD07-4527-A489-603402ADD534}.Release|x64.ActiveCfg = Release|Any CPU
		{ED4CCEB8-FD07-4527-A489-603402ADD534}.Release|x64.Build.0 = Release|Any CPU
		{ED4CCEB8-FD07-4527-A489-603402ADD534}.Release|x86.ActiveCfg = Release|Any CPU
		{ED4CCEB8-FD07-4527-A489-603402ADD534}.Release|x86.Build.0 = Release|Any CPU
		{0559AD5F-DD06-4A94-9F01-21646894D56A}.Debug|Any CPU.ActiveCfg = Debug|Any CPU
		{0559AD5F-DD06-4A94-9F01-21646894D56A}.Debug|Any CPU.Build.0 = Debug|Any CPU
		{0559AD5F-DD06-4A94-9F01-21646894D56A}.Debug|x64.ActiveCfg = Debug|Any CPU
		{0559AD5F-DD06-4A94-9F01-21646894D56A}.Debug|x64.Build.0 = Debug|Any CPU
		{0559AD5F-DD06-4A94-9F01-21646894D56A}.Debug|x86.ActiveCfg = Debug|Any CPU
		{0559AD5F-DD06-4A94-9F01-21646894D56A}.Debug|x86.Build.0 = Debug|Any CPU
		{0559AD5F-DD06-4A94-9F01-21646894D56A}.Release|Any CPU.ActiveCfg = Release|Any CPU
		{0559AD5F-DD06-4A94-9F01-21646894D56A}.Release|Any CPU.Build.0 = Release|Any CPU
		{0559AD5F-DD06-4A94-9F01-21646894D56A}.Release|x64.ActiveCfg = Release|Any CPU
		{0559AD5F-DD06-4A94-9F01-21646894D56A}.Release|x64.Build.0 = Release|Any CPU
		{0559AD5F-DD06-4A94-9F01-21646894D56A}.Release|x86.ActiveCfg = Release|Any CPU
		{0559AD5F-DD06-4A94-9F01-21646894D56A}.Release|x86.Build.0 = Release|Any CPU
		{B91EBC2D-7E98-4EB2-8E3C-0C77FF0FCBFF}.Debug|Any CPU.ActiveCfg = Debug|Any CPU
		{B91EBC2D-7E98-4EB2-8E3C-0C77FF0FCBFF}.Debug|Any CPU.Build.0 = Debug|Any CPU
		{B91EBC2D-7E98-4EB2-8E3C-0C77FF0FCBFF}.Debug|x64.ActiveCfg = Debug|Any CPU
		{B91EBC2D-7E98-4EB2-8E3C-0C77FF0FCBFF}.Debug|x64.Build.0 = Debug|Any CPU
		{B91EBC2D-7E98-4EB2-8E3C-0C77FF0FCBFF}.Debug|x86.ActiveCfg = Debug|Any CPU
		{B91EBC2D-7E98-4EB2-8E3C-0C77FF0FCBFF}.Debug|x86.Build.0 = Debug|Any CPU
		{B91EBC2D-7E98-4EB2-8E3C-0C77FF0FCBFF}.Release|Any CPU.ActiveCfg = Release|Any CPU
		{B91EBC2D-7E98-4EB2-8E3C-0C77FF0FCBFF}.Release|Any CPU.Build.0 = Release|Any CPU
		{B91EBC2D-7E98-4EB2-8E3C-0C77FF0FCBFF}.Release|x64.ActiveCfg = Release|Any CPU
		{B91EBC2D-7E98-4EB2-8E3C-0C77FF0FCBFF}.Release|x64.Build.0 = Release|Any CPU
		{B91EBC2D-7E98-4EB2-8E3C-0C77FF0FCBFF}.Release|x86.ActiveCfg = Release|Any CPU
		{B91EBC2D-7E98-4EB2-8E3C-0C77FF0FCBFF}.Release|x86.Build.0 = Release|Any CPU
		{05D63DDB-41CE-4287-A1B2-572D98D6E76D}.Debug|Any CPU.ActiveCfg = Debug|Any CPU
		{05D63DDB-41CE-4287-A1B2-572D98D6E76D}.Debug|Any CPU.Build.0 = Debug|Any CPU
		{05D63DDB-41CE-4287-A1B2-572D98D6E76D}.Debug|x64.ActiveCfg = Debug|Any CPU
		{05D63DDB-41CE-4287-A1B2-572D98D6E76D}.Debug|x64.Build.0 = Debug|Any CPU
		{05D63DDB-41CE-4287-A1B2-572D98D6E76D}.Debug|x86.ActiveCfg = Debug|Any CPU
		{05D63DDB-41CE-4287-A1B2-572D98D6E76D}.Debug|x86.Build.0 = Debug|Any CPU
		{05D63DDB-41CE-4287-A1B2-572D98D6E76D}.Release|Any CPU.ActiveCfg = Release|Any CPU
		{05D63DDB-41CE-4287-A1B2-572D98D6E76D}.Release|Any CPU.Build.0 = Release|Any CPU
		{05D63DDB-41CE-4287-A1B2-572D98D6E76D}.Release|x64.ActiveCfg = Release|Any CPU
		{05D63DDB-41CE-4287-A1B2-572D98D6E76D}.Release|x64.Build.0 = Release|Any CPU
		{05D63DDB-41CE-4287-A1B2-572D98D6E76D}.Release|x86.ActiveCfg = Release|Any CPU
		{05D63DDB-41CE-4287-A1B2-572D98D6E76D}.Release|x86.Build.0 = Release|Any CPU
		{67DAB1B4-8EB9-4129-AB4F-49E79E80B43B}.Debug|Any CPU.ActiveCfg = Debug|Any CPU
		{67DAB1B4-8EB9-4129-AB4F-49E79E80B43B}.Debug|Any CPU.Build.0 = Debug|Any CPU
		{67DAB1B4-8EB9-4129-AB4F-49E79E80B43B}.Debug|x64.ActiveCfg = Debug|Any CPU
		{67DAB1B4-8EB9-4129-AB4F-49E79E80B43B}.Debug|x64.Build.0 = Debug|Any CPU
		{67DAB1B4-8EB9-4129-AB4F-49E79E80B43B}.Debug|x86.ActiveCfg = Debug|Any CPU
		{67DAB1B4-8EB9-4129-AB4F-49E79E80B43B}.Debug|x86.Build.0 = Debug|Any CPU
		{67DAB1B4-8EB9-4129-AB4F-49E79E80B43B}.Release|Any CPU.ActiveCfg = Release|Any CPU
		{67DAB1B4-8EB9-4129-AB4F-49E79E80B43B}.Release|Any CPU.Build.0 = Release|Any CPU
		{67DAB1B4-8EB9-4129-AB4F-49E79E80B43B}.Release|x64.ActiveCfg = Release|Any CPU
		{67DAB1B4-8EB9-4129-AB4F-49E79E80B43B}.Release|x64.Build.0 = Release|Any CPU
		{67DAB1B4-8EB9-4129-AB4F-49E79E80B43B}.Release|x86.ActiveCfg = Release|Any CPU
		{67DAB1B4-8EB9-4129-AB4F-49E79E80B43B}.Release|x86.Build.0 = Release|Any CPU
		{E7824C42-3029-4DD4-B5AC-DB703360AA06}.Debug|Any CPU.ActiveCfg = Debug|Any CPU
		{E7824C42-3029-4DD4-B5AC-DB703360AA06}.Debug|Any CPU.Build.0 = Debug|Any CPU
		{E7824C42-3029-4DD4-B5AC-DB703360AA06}.Debug|x64.ActiveCfg = Debug|Any CPU
		{E7824C42-3029-4DD4-B5AC-DB703360AA06}.Debug|x64.Build.0 = Debug|Any CPU
		{E7824C42-3029-4DD4-B5AC-DB703360AA06}.Debug|x86.ActiveCfg = Debug|Any CPU
		{E7824C42-3029-4DD4-B5AC-DB703360AA06}.Debug|x86.Build.0 = Debug|Any CPU
		{E7824C42-3029-4DD4-B5AC-DB703360AA06}.Release|Any CPU.ActiveCfg = Release|Any CPU
		{E7824C42-3029-4DD4-B5AC-DB703360AA06}.Release|Any CPU.Build.0 = Release|Any CPU
		{E7824C42-3029-4DD4-B5AC-DB703360AA06}.Release|x64.ActiveCfg = Release|Any CPU
		{E7824C42-3029-4DD4-B5AC-DB703360AA06}.Release|x64.Build.0 = Release|Any CPU
		{E7824C42-3029-4DD4-B5AC-DB703360AA06}.Release|x86.ActiveCfg = Release|Any CPU
		{E7824C42-3029-4DD4-B5AC-DB703360AA06}.Release|x86.Build.0 = Release|Any CPU
		{1B6ED895-B96F-A4F3-C9A1-F6C02002810A}.Debug|Any CPU.ActiveCfg = Debug|Any CPU
		{1B6ED895-B96F-A4F3-C9A1-F6C02002810A}.Debug|Any CPU.Build.0 = Debug|Any CPU
		{1B6ED895-B96F-A4F3-C9A1-F6C02002810A}.Debug|x64.ActiveCfg = Debug|Any CPU
		{1B6ED895-B96F-A4F3-C9A1-F6C02002810A}.Debug|x64.Build.0 = Debug|Any CPU
		{1B6ED895-B96F-A4F3-C9A1-F6C02002810A}.Debug|x86.ActiveCfg = Debug|Any CPU
		{1B6ED895-B96F-A4F3-C9A1-F6C02002810A}.Debug|x86.Build.0 = Debug|Any CPU
		{1B6ED895-B96F-A4F3-C9A1-F6C02002810A}.Release|Any CPU.ActiveCfg = Release|Any CPU
		{1B6ED895-B96F-A4F3-C9A1-F6C02002810A}.Release|Any CPU.Build.0 = Release|Any CPU
		{1B6ED895-B96F-A4F3-C9A1-F6C02002810A}.Release|x64.ActiveCfg = Release|Any CPU
		{1B6ED895-B96F-A4F3-C9A1-F6C02002810A}.Release|x64.Build.0 = Release|Any CPU
		{1B6ED895-B96F-A4F3-C9A1-F6C02002810A}.Release|x86.ActiveCfg = Release|Any CPU
		{1B6ED895-B96F-A4F3-C9A1-F6C02002810A}.Release|x86.Build.0 = Release|Any CPU
		{DA0F7569-4752-FAA2-EED4-F5560EA8827C}.Debug|Any CPU.ActiveCfg = Debug|Any CPU
		{DA0F7569-4752-FAA2-EED4-F5560EA8827C}.Debug|Any CPU.Build.0 = Debug|Any CPU
		{DA0F7569-4752-FAA2-EED4-F5560EA8827C}.Debug|x64.ActiveCfg = Debug|Any CPU
		{DA0F7569-4752-FAA2-EED4-F5560EA8827C}.Debug|x64.Build.0 = Debug|Any CPU
		{DA0F7569-4752-FAA2-EED4-F5560EA8827C}.Debug|x86.ActiveCfg = Debug|Any CPU
		{DA0F7569-4752-FAA2-EED4-F5560EA8827C}.Debug|x86.Build.0 = Debug|Any CPU
		{DA0F7569-4752-FAA2-EED4-F5560EA8827C}.Release|Any CPU.ActiveCfg = Release|Any CPU
		{DA0F7569-4752-FAA2-EED4-F5560EA8827C}.Release|Any CPU.Build.0 = Release|Any CPU
		{DA0F7569-4752-FAA2-EED4-F5560EA8827C}.Release|x64.ActiveCfg = Release|Any CPU
		{DA0F7569-4752-FAA2-EED4-F5560EA8827C}.Release|x64.Build.0 = Release|Any CPU
		{DA0F7569-4752-FAA2-EED4-F5560EA8827C}.Release|x86.ActiveCfg = Release|Any CPU
		{DA0F7569-4752-FAA2-EED4-F5560EA8827C}.Release|x86.Build.0 = Release|Any CPU
		{EE98355D-7BC7-7495-6038-672DAAC9882C}.Debug|Any CPU.ActiveCfg = Debug|Any CPU
		{EE98355D-7BC7-7495-6038-672DAAC9882C}.Debug|Any CPU.Build.0 = Debug|Any CPU
		{EE98355D-7BC7-7495-6038-672DAAC9882C}.Debug|x64.ActiveCfg = Debug|Any CPU
		{EE98355D-7BC7-7495-6038-672DAAC9882C}.Debug|x64.Build.0 = Debug|Any CPU
		{EE98355D-7BC7-7495-6038-672DAAC9882C}.Debug|x86.ActiveCfg = Debug|Any CPU
		{EE98355D-7BC7-7495-6038-672DAAC9882C}.Debug|x86.Build.0 = Debug|Any CPU
		{EE98355D-7BC7-7495-6038-672DAAC9882C}.Release|Any CPU.ActiveCfg = Release|Any CPU
		{EE98355D-7BC7-7495-6038-672DAAC9882C}.Release|Any CPU.Build.0 = Release|Any CPU
		{EE98355D-7BC7-7495-6038-672DAAC9882C}.Release|x64.ActiveCfg = Release|Any CPU
		{EE98355D-7BC7-7495-6038-672DAAC9882C}.Release|x64.Build.0 = Release|Any CPU
		{EE98355D-7BC7-7495-6038-672DAAC9882C}.Release|x86.ActiveCfg = Release|Any CPU
		{EE98355D-7BC7-7495-6038-672DAAC9882C}.Release|x86.Build.0 = Release|Any CPU
		{59A6137D-1967-71B3-7A5A-1DAADFB3E17D}.Debug|Any CPU.ActiveCfg = Debug|Any CPU
		{59A6137D-1967-71B3-7A5A-1DAADFB3E17D}.Debug|Any CPU.Build.0 = Debug|Any CPU
		{59A6137D-1967-71B3-7A5A-1DAADFB3E17D}.Debug|x64.ActiveCfg = Debug|Any CPU
		{59A6137D-1967-71B3-7A5A-1DAADFB3E17D}.Debug|x64.Build.0 = Debug|Any CPU
		{59A6137D-1967-71B3-7A5A-1DAADFB3E17D}.Debug|x86.ActiveCfg = Debug|Any CPU
		{59A6137D-1967-71B3-7A5A-1DAADFB3E17D}.Debug|x86.Build.0 = Debug|Any CPU
		{59A6137D-1967-71B3-7A5A-1DAADFB3E17D}.Release|Any CPU.ActiveCfg = Release|Any CPU
		{59A6137D-1967-71B3-7A5A-1DAADFB3E17D}.Release|Any CPU.Build.0 = Release|Any CPU
		{59A6137D-1967-71B3-7A5A-1DAADFB3E17D}.Release|x64.ActiveCfg = Release|Any CPU
		{59A6137D-1967-71B3-7A5A-1DAADFB3E17D}.Release|x64.Build.0 = Release|Any CPU
		{59A6137D-1967-71B3-7A5A-1DAADFB3E17D}.Release|x86.ActiveCfg = Release|Any CPU
		{59A6137D-1967-71B3-7A5A-1DAADFB3E17D}.Release|x86.Build.0 = Release|Any CPU
		{03C0FE41-D5E8-9146-25B3-C08289DFE2D5}.Debug|Any CPU.ActiveCfg = Debug|Any CPU
		{03C0FE41-D5E8-9146-25B3-C08289DFE2D5}.Debug|Any CPU.Build.0 = Debug|Any CPU
		{03C0FE41-D5E8-9146-25B3-C08289DFE2D5}.Debug|x64.ActiveCfg = Debug|Any CPU
		{03C0FE41-D5E8-9146-25B3-C08289DFE2D5}.Debug|x64.Build.0 = Debug|Any CPU
		{03C0FE41-D5E8-9146-25B3-C08289DFE2D5}.Debug|x86.ActiveCfg = Debug|Any CPU
		{03C0FE41-D5E8-9146-25B3-C08289DFE2D5}.Debug|x86.Build.0 = Debug|Any CPU
		{03C0FE41-D5E8-9146-25B3-C08289DFE2D5}.Release|Any CPU.ActiveCfg = Release|Any CPU
		{03C0FE41-D5E8-9146-25B3-C08289DFE2D5}.Release|Any CPU.Build.0 = Release|Any CPU
		{03C0FE41-D5E8-9146-25B3-C08289DFE2D5}.Release|x64.ActiveCfg = Release|Any CPU
		{03C0FE41-D5E8-9146-25B3-C08289DFE2D5}.Release|x64.Build.0 = Release|Any CPU
		{03C0FE41-D5E8-9146-25B3-C08289DFE2D5}.Release|x86.ActiveCfg = Release|Any CPU
		{03C0FE41-D5E8-9146-25B3-C08289DFE2D5}.Release|x86.Build.0 = Release|Any CPU
		{293D97F7-66A2-F838-3221-2192FFF557E5}.Debug|Any CPU.ActiveCfg = Debug|Any CPU
		{293D97F7-66A2-F838-3221-2192FFF557E5}.Debug|Any CPU.Build.0 = Debug|Any CPU
		{293D97F7-66A2-F838-3221-2192FFF557E5}.Debug|x64.ActiveCfg = Debug|Any CPU
		{293D97F7-66A2-F838-3221-2192FFF557E5}.Debug|x64.Build.0 = Debug|Any CPU
		{293D97F7-66A2-F838-3221-2192FFF557E5}.Debug|x86.ActiveCfg = Debug|Any CPU
		{293D97F7-66A2-F838-3221-2192FFF557E5}.Debug|x86.Build.0 = Debug|Any CPU
		{293D97F7-66A2-F838-3221-2192FFF557E5}.Release|Any CPU.ActiveCfg = Release|Any CPU
		{293D97F7-66A2-F838-3221-2192FFF557E5}.Release|Any CPU.Build.0 = Release|Any CPU
		{293D97F7-66A2-F838-3221-2192FFF557E5}.Release|x64.ActiveCfg = Release|Any CPU
		{293D97F7-66A2-F838-3221-2192FFF557E5}.Release|x64.Build.0 = Release|Any CPU
		{293D97F7-66A2-F838-3221-2192FFF557E5}.Release|x86.ActiveCfg = Release|Any CPU
		{293D97F7-66A2-F838-3221-2192FFF557E5}.Release|x86.Build.0 = Release|Any CPU
		{AC0205DF-AD80-5501-A569-1C2AB0A79E95}.Debug|Any CPU.ActiveCfg = Debug|Any CPU
		{AC0205DF-AD80-5501-A569-1C2AB0A79E95}.Debug|Any CPU.Build.0 = Debug|Any CPU
		{AC0205DF-AD80-5501-A569-1C2AB0A79E95}.Debug|x64.ActiveCfg = Debug|Any CPU
		{AC0205DF-AD80-5501-A569-1C2AB0A79E95}.Debug|x64.Build.0 = Debug|Any CPU
		{AC0205DF-AD80-5501-A569-1C2AB0A79E95}.Debug|x86.ActiveCfg = Debug|Any CPU
		{AC0205DF-AD80-5501-A569-1C2AB0A79E95}.Debug|x86.Build.0 = Debug|Any CPU
		{AC0205DF-AD80-5501-A569-1C2AB0A79E95}.Release|Any CPU.ActiveCfg = Release|Any CPU
		{AC0205DF-AD80-5501-A569-1C2AB0A79E95}.Release|Any CPU.Build.0 = Release|Any CPU
		{AC0205DF-AD80-5501-A569-1C2AB0A79E95}.Release|x64.ActiveCfg = Release|Any CPU
		{AC0205DF-AD80-5501-A569-1C2AB0A79E95}.Release|x64.Build.0 = Release|Any CPU
		{AC0205DF-AD80-5501-A569-1C2AB0A79E95}.Release|x86.ActiveCfg = Release|Any CPU
		{AC0205DF-AD80-5501-A569-1C2AB0A79E95}.Release|x86.Build.0 = Release|Any CPU
		{F7254D31-A6A2-CAE7-E5D7-F050D94ACC91}.Debug|Any CPU.ActiveCfg = Debug|Any CPU
		{F7254D31-A6A2-CAE7-E5D7-F050D94ACC91}.Debug|Any CPU.Build.0 = Debug|Any CPU
		{F7254D31-A6A2-CAE7-E5D7-F050D94ACC91}.Debug|x64.ActiveCfg = Debug|Any CPU
		{F7254D31-A6A2-CAE7-E5D7-F050D94ACC91}.Debug|x64.Build.0 = Debug|Any CPU
		{F7254D31-A6A2-CAE7-E5D7-F050D94ACC91}.Debug|x86.ActiveCfg = Debug|Any CPU
		{F7254D31-A6A2-CAE7-E5D7-F050D94ACC91}.Debug|x86.Build.0 = Debug|Any CPU
		{F7254D31-A6A2-CAE7-E5D7-F050D94ACC91}.Release|Any CPU.ActiveCfg = Release|Any CPU
		{F7254D31-A6A2-CAE7-E5D7-F050D94ACC91}.Release|Any CPU.Build.0 = Release|Any CPU
		{F7254D31-A6A2-CAE7-E5D7-F050D94ACC91}.Release|x64.ActiveCfg = Release|Any CPU
		{F7254D31-A6A2-CAE7-E5D7-F050D94ACC91}.Release|x64.Build.0 = Release|Any CPU
		{F7254D31-A6A2-CAE7-E5D7-F050D94ACC91}.Release|x86.ActiveCfg = Release|Any CPU
		{F7254D31-A6A2-CAE7-E5D7-F050D94ACC91}.Release|x86.Build.0 = Release|Any CPU
	EndGlobalSection
	GlobalSection(SolutionProperties) = preSolution
		HideSolutionNode = FALSE
	EndGlobalSection
	GlobalSection(NestedProjects) = preSolution
		{BBEF52A7-6845-4C59-8089-09728B3BD51A} = {37C7120B-0BBD-43FB-9745-8BAD908F087F}
		{4D5AD92B-8FCF-48E4-BB3D-A74277955F52} = {37C7120B-0BBD-43FB-9745-8BAD908F087F}
		{39DB9D0C-0E92-4E0D-8B01-DEC2C06A4196} = {37C7120B-0BBD-43FB-9745-8BAD908F087F}
		{389FB2A5-7A6F-468A-9108-82006354AC89} = {3E8BB9D0-37D5-42D2-BDBC-FE724F7276F5}
		{ED4CCEB8-FD07-4527-A489-603402ADD534} = {F29E4102-3C13-405F-9180-AC0E790AE8ED}
		{0559AD5F-DD06-4A94-9F01-21646894D56A} = {F29E4102-3C13-405F-9180-AC0E790AE8ED}
		{B91EBC2D-7E98-4EB2-8E3C-0C77FF0FCBFF} = {F29E4102-3C13-405F-9180-AC0E790AE8ED}
		{05D63DDB-41CE-4287-A1B2-572D98D6E76D} = {3E8BB9D0-37D5-42D2-BDBC-FE724F7276F5}
		{67DAB1B4-8EB9-4129-AB4F-49E79E80B43B} = {3E8BB9D0-37D5-42D2-BDBC-FE724F7276F5}
		{E7824C42-3029-4DD4-B5AC-DB703360AA06} = {37C7120B-0BBD-43FB-9745-8BAD908F087F}
		{1B6ED895-B96F-A4F3-C9A1-F6C02002810A} = {041134A7-0DC4-4F78-82C4-52359D02FA78}
		{DA0F7569-4752-FAA2-EED4-F5560EA8827C} = {041134A7-0DC4-4F78-82C4-52359D02FA78}
		{EE98355D-7BC7-7495-6038-672DAAC9882C} = {041134A7-0DC4-4F78-82C4-52359D02FA78}
		{59A6137D-1967-71B3-7A5A-1DAADFB3E17D} = {041134A7-0DC4-4F78-82C4-52359D02FA78}
		{03C0FE41-D5E8-9146-25B3-C08289DFE2D5} = {49BBE8A2-3759-4594-93BA-DC784A3393FD}
		{293D97F7-66A2-F838-3221-2192FFF557E5} = {49BBE8A2-3759-4594-93BA-DC784A3393FD}
		{AC0205DF-AD80-5501-A569-1C2AB0A79E95} = {49BBE8A2-3759-4594-93BA-DC784A3393FD}
		{F7254D31-A6A2-CAE7-E5D7-F050D94ACC91} = {49BBE8A2-3759-4594-93BA-DC784A3393FD}
	EndGlobalSection
	GlobalSection(ExtensibilityGlobals) = postSolution
		SolutionGuid = {1E908667-D6DC-4226-BFFA-8AEC5CF9EFE7}
	EndGlobalSection
EndGlobal
