
Microsoft Visual Studio Solution File, Format Version 12.00
# Visual Studio Version 17
VisualStudioVersion = 17.0.31903.59
MinimumVisualStudioVersion = 10.0.40219.1
Project("{9A19103F-16F7-4668-BE54-9A1E7A4F7556}") = "CanConNet", "net60\CanConNet\CanConNet.csproj", "{BBEF52A7-6845-4C59-8089-09728B3BD51A}"
EndProject
Project("{9A19103F-16F7-4668-BE54-9A1E7A4F7556}") = "CanFdConNet", "net60\CanFdConNet\CanFdConNet.csproj", "{4D5AD92B-8FCF-48E4-BB3D-A74277955F52}"
EndProject
Project("{9A19103F-16F7-4668-BE54-9A1E7A4F7556}") = "LinConNet", "net60\LinConNet\LinConNet.csproj", "{39DB9D0C-0E92-4E0D-8B01-DEC2C06A4196}"
EndProject
Project("{9A19103F-16F7-4668-BE54-9A1E7A4F7556}") = "CanConNet4", "net40\CanConNet\CanConNet4.csproj", "{389FB2A5-7A6F-468A-9108-82006354AC89}"
EndProject
Project("{9A19103F-16F7-4668-BE54-9A1E7A4F7556}") = "CanConNet5", "net50\CanConNet\CanConNet5.csproj", "{ED4CCEB8-FD07-4527-A489-603402ADD534}"
EndProject
Project("{9A19103F-16F7-4668-BE54-9A1E7A4F7556}") = "CanFdConNet5", "net50\CanFdConNet\CanFdConNet5.csproj", "{0559AD5F-DD06-4A94-9F01-21646894D56A}"
EndProject
Project("{9A19103F-16F7-4668-BE54-9A1E7A4F7556}") = "LinConNet5", "net50\LinConNet\LinConNet5.csproj", "{B91EBC2D-7E98-4EB2-8E3C-0C77FF0FCBFF}"
EndProject
Project("{2150E333-8FDC-42A3-9474-1A3956D46DE8}") = "net40", "net40", "{3E8BB9D0-37D5-42D2-BDBC-FE724F7276F5}"
EndProject
Project("{2150E333-8FDC-42A3-9474-1A3956D46DE8}") = "net50", "net50", "{F29E4102-3C13-405F-9180-AC0E790AE8ED}"
EndProject
Project("{2150E333-8FDC-42A3-9474-1A3956D46DE8}") = "net60", "net60", "{37C7120B-0BBD-43FB-9745-8BAD908F087F}"
EndProject
Project("{9A19103F-16F7-4668-BE54-9A1E7A4F7556}") = "DeviceEnumerator", "net40\DeviceEnumerator\DeviceEnumerator.csproj", "{05D63DDB-41CE-4287-A1B2-572D98D6E76D}"
EndProject
Global
	GlobalSection(SolutionConfigurationPlatforms) = preSolution
		Debug|Any CPU = Debug|Any CPU
		Release|Any CPU = Release|Any CPU
	EndGlobalSection
	GlobalSection(ProjectConfigurationPlatforms) = postSolution
		{BBEF52A7-6845-4C59-8089-09728B3BD51A}.Debug|Any CPU.ActiveCfg = Debug|Any CPU
		{BBEF52A7-6845-4C59-8089-09728B3BD51A}.Debug|Any CPU.Build.0 = Debug|Any CPU
		{BBEF52A7-6845-4C59-8089-09728B3BD51A}.Release|Any CPU.ActiveCfg = Release|Any CPU
		{BBEF52A7-6845-4C59-8089-09728B3BD51A}.Release|Any CPU.Build.0 = Release|Any CPU
		{4D5AD92B-8FCF-48E4-BB3D-A74277955F52}.Debug|Any CPU.ActiveCfg = Debug|Any CPU
		{4D5AD92B-8FCF-48E4-BB3D-A74277955F52}.Debug|Any CPU.Build.0 = Debug|Any CPU
		{4D5AD92B-8FCF-48E4-BB3D-A74277955F52}.Release|Any CPU.ActiveCfg = Release|Any CPU
		{4D5AD92B-8FCF-48E4-BB3D-A74277955F52}.Release|Any CPU.Build.0 = Release|Any CPU
		{39DB9D0C-0E92-4E0D-8B01-DEC2C06A4196}.Debug|Any CPU.ActiveCfg = Debug|Any CPU
		{39DB9D0C-0E92-4E0D-8B01-DEC2C06A4196}.Debug|Any CPU.Build.0 = Debug|Any CPU
		{39DB9D0C-0E92-4E0D-8B01-DEC2C06A4196}.Release|Any CPU.ActiveCfg = Release|Any CPU
		{39DB9D0C-0E92-4E0D-8B01-DEC2C06A4196}.Release|Any CPU.Build.0 = Release|Any CPU
		{389FB2A5-7A6F-468A-9108-82006354AC89}.Debug|Any CPU.ActiveCfg = Debug|Any CPU
		{389FB2A5-7A6F-468A-9108-82006354AC89}.Debug|Any CPU.Build.0 = Debug|Any CPU
		{389FB2A5-7A6F-468A-9108-82006354AC89}.Release|Any CPU.ActiveCfg = Release|Any CPU
		{389FB2A5-7A6F-468A-9108-82006354AC89}.Release|Any CPU.Build.0 = Release|Any CPU
		{ED4CCEB8-FD07-4527-A489-603402ADD534}.Debug|Any CPU.ActiveCfg = Debug|Any CPU
		{ED4CCEB8-FD07-4527-A489-603402ADD534}.Debug|Any CPU.Build.0 = Debug|Any CPU
		{ED4CCEB8-FD07-4527-A489-603402ADD534}.Release|Any CPU.ActiveCfg = Release|Any CPU
		{ED4CCEB8-FD07-4527-A489-603402ADD534}.Release|Any CPU.Build.0 = Release|Any CPU
		{0559AD5F-DD06-4A94-9F01-21646894D56A}.Debug|Any CPU.ActiveCfg = Debug|Any CPU
		{0559AD5F-DD06-4A94-9F01-21646894D56A}.Debug|Any CPU.Build.0 = Debug|Any CPU
		{0559AD5F-DD06-4A94-9F01-21646894D56A}.Release|Any CPU.ActiveCfg = Release|Any CPU
		{0559AD5F-DD06-4A94-9F01-21646894D56A}.Release|Any CPU.Build.0 = Release|Any CPU
		{B91EBC2D-7E98-4EB2-8E3C-0C77FF0FCBFF}.Debug|Any CPU.ActiveCfg = Debug|Any CPU
		{B91EBC2D-7E98-4EB2-8E3C-0C77FF0FCBFF}.Debug|Any CPU.Build.0 = Debug|Any CPU
		{B91EBC2D-7E98-4EB2-8E3C-0C77FF0FCBFF}.Release|Any CPU.ActiveCfg = Release|Any CPU
		{B91EBC2D-7E98-4EB2-8E3C-0C77FF0FCBFF}.Release|Any CPU.Build.0 = Release|Any CPU
		{05D63DDB-41CE-4287-A1B2-572D98D6E76D}.Debug|Any CPU.ActiveCfg = Debug|Any CPU
		{05D63DDB-41CE-4287-A1B2-572D98D6E76D}.Debug|Any CPU.Build.0 = Debug|Any CPU
		{05D63DDB-41CE-4287-A1B2-572D98D6E76D}.Release|Any CPU.ActiveCfg = Release|Any CPU
		{05D63DDB-41CE-4287-A1B2-572D98D6E76D}.Release|Any CPU.Build.0 = Release|Any CPU
	EndGlobalSection
	GlobalSection(SolutionProperties) = preSolution
		HideSolutionNode = FALSE
	EndGlobalSection
	GlobalSection(NestedProjects) = preSolution
		{BBEF52A7-6845-4C59-8089-09728B3BD51A} = {37C7120B-0BBD-43FB-9745-8BAD908F087F}
		{4D5AD92B-8FCF-48E4-BB3D-A74277955F52} = {37C7120B-0BBD-43FB-9745-8BAD908F087F}
		{39DB9D0C-0E92-4E0D-8B01-DEC2C06A4196} = {37C7120B-0BBD-43FB-9745-8BAD908F087F}
		{389FB2A5-7A6F-468A-9108-82006354AC89} = {3E8BB9D0-37D5-42D2-BDBC-FE724F7276F5}
		{ED4CCEB8-FD07-4527-A489-603402ADD534} = {F29E4102-3C13-405F-9180-AC0E790AE8ED}
		{0559AD5F-DD06-4A94-9F01-21646894D56A} = {F29E4102-3C13-405F-9180-AC0E790AE8ED}
		{B91EBC2D-7E98-4EB2-8E3C-0C77FF0FCBFF} = {F29E4102-3C13-405F-9180-AC0E790AE8ED}
		{05D63DDB-41CE-4287-A1B2-572D98D6E76D} = {3E8BB9D0-37D5-42D2-BDBC-FE724F7276F5}
	EndGlobalSection
	GlobalSection(ExtensibilityGlobals) = postSolution
		SolutionGuid = {1E908667-D6DC-4226-BFFA-8AEC5CF9EFE7}
	EndGlobalSection
EndGlobal
